
Microsoft Visual Studio Solution File, Format Version 12.00
# Visual Studio 15
VisualStudioVersion = 15.0.28010.2019
MinimumVisualStudioVersion = 10.0.40219.1
Project("{FAE04EC0-301F-11D3-BF4B-00C04F79EFBC}") = "FiveSelect", "FiveSelect\FiveSelect.csproj", "{98490AEB-195A-4381-BDF9-FAA7F6136688}"
EndProject
Global
	GlobalSection(SolutionConfigurationPlatforms) = preSolution
		Debug|Any CPU = Debug|Any CPU
		Release|Any CPU = Release|Any CPU
	EndGlobalSection
	GlobalSection(ProjectConfigurationPlatforms) = postSolution
		{98490AEB-195A-4381-BDF9-FAA7F6136688}.Debug|Any CPU.ActiveCfg = Debug|Any CPU
		{98490AEB-195A-4381-BDF9-FAA7F6136688}.Debug|Any CPU.Build.0 = Debug|Any CPU
		{98490AEB-195A-4381-BDF9-FAA7F6136688}.Release|Any CPU.ActiveCfg = Release|Any CPU
		{98490AEB-195A-4381-BDF9-FAA7F6136688}.Release|Any CPU.Build.0 = Release|Any CPU
	EndGlobalSection
	GlobalSection(SolutionProperties) = preSolution
		HideSolutionNode = FALSE
	EndGlobalSection
	GlobalSection(ExtensibilityGlobals) = postSolution
		SolutionGuid = {43A88612-E7C8-4464-989C-0424831AF1F2}
	EndGlobalSection
EndGlobal
